<?xml version="1.0" encoding="utf-8"?>
<Project ToolsVersion="4.0" xmlns="http://schemas.microsoft.com/developer/msbuild/2003">
  <ItemGroup>
    <Filter Include="Hazzel">
      <UniqueIdentifier>{93B5F2B6-7F57-1D8D-6812-31E15453A4DD}</UniqueIdentifier>
    </Filter>
    <Filter Include="Hazzel\Events">
      <UniqueIdentifier>{17FE7733-83BE-F369-4CF9-3CE7B8783846}</UniqueIdentifier>
    </Filter>
    <Filter Include="Platform">
      <UniqueIdentifier>{2AC788B4-1694-E3BF-3FAD-D1672BD9184E}</UniqueIdentifier>
    </Filter>
    <Filter Include="Platform\Windows">
      <UniqueIdentifier>{64FBD71A-50F4-F66C-7926-DCF1657ED678}</UniqueIdentifier>
    </Filter>
  </ItemGroup>
  <ItemGroup>
    <ClInclude Include="src\Hazzel.h" />
    <ClInclude Include="src\Hazzel\Application.h">
      <Filter>Hazzel</Filter>
    </ClInclude>
    <ClInclude Include="src\Hazzel\Core.h">
      <Filter>Hazzel</Filter>
    </ClInclude>
    <ClInclude Include="src\Hazzel\EntryPoint.h">
      <Filter>Hazzel</Filter>
    </ClInclude>
    <ClInclude Include="src\Hazzel\Events\ApplicationEvent.h">
      <Filter>Hazzel\Events</Filter>
    </ClInclude>
    <ClInclude Include="src\Hazzel\Events\Event.h">
      <Filter>Hazzel\Events</Filter>
    </ClInclude>
    <ClInclude Include="src\Hazzel\Events\KeyEvent.h">
      <Filter>Hazzel\Events</Filter>
    </ClInclude>
    <ClInclude Include="src\Hazzel\Events\MouseEvent.h">
      <Filter>Hazzel\Events</Filter>
    </ClInclude>
    <ClInclude Include="src\Hazzel\Log.h">
      <Filter>Hazzel</Filter>
    </ClInclude>
    <ClInclude Include="src\Hazzel\Window.h">
      <Filter>Hazzel</Filter>
    </ClInclude>
    <ClInclude Include="src\Platform\Windows\WindowsWindow.h">
      <Filter>Platform\Windows</Filter>
    </ClInclude>
    <ClInclude Include="src\hzpch.h" />
  </ItemGroup>
  <ItemGroup>
    <ClCompile Include="src\Hazzel\Application.cpp">
      <Filter>Hazzel</Filter>
    </ClCompile>
    <ClCompile Include="src\Hazzel\Log.cpp">
      <Filter>Hazzel</Filter>
    </ClCompile>
    <ClCompile Include="src\Platform\Windows\WindowsWindow.cpp">
      <Filter>Platform\Windows</Filter>
    </ClCompile>
    <ClCompile Include="src\hzpch.cpp" />
  </ItemGroup>
</Project>